// !$*UTF8*$!
{
	archiveVersion = 1;
	classes = {
	};
	objectVersion = 55;
	objects = {

/* Begin PBXBuildFile section */
		792721CB2822F7C400146D8F /* DesignCodeChallengeOneApp.swift in Sources */ = {isa = PBXBuildFile; fileRef = 792721BB2822F7C200146D8F /* DesignCodeChallengeOneApp.swift */; };
		792721CC2822F7C400146D8F /* DesignCodeChallengeOneApp.swift in Sources */ = {isa = PBXBuildFile; fileRef = 792721BB2822F7C200146D8F /* DesignCodeChallengeOneApp.swift */; };
		792721CD2822F7C400146D8F /* ContentView.swift in Sources */ = {isa = PBXBuildFile; fileRef = 792721BC2822F7C200146D8F /* ContentView.swift */; };
		792721CE2822F7C400146D8F /* ContentView.swift in Sources */ = {isa = PBXBuildFile; fileRef = 792721BC2822F7C200146D8F /* ContentView.swift */; };
		792721CF2822F7C400146D8F /* Assets.xcassets in Resources */ = {isa = PBXBuildFile; fileRef = 792721BD2822F7C400146D8F /* Assets.xcassets */; };
		792721D02822F7C400146D8F /* Assets.xcassets in Resources */ = {isa = PBXBuildFile; fileRef = 792721BD2822F7C400146D8F /* Assets.xcassets */; };
		792721DA2829776F00146D8F /* MenuView.swift in Sources */ = {isa = PBXBuildFile; fileRef = 792721D92829776F00146D8F /* MenuView.swift */; };
		792721DB2829776F00146D8F /* MenuView.swift in Sources */ = {isa = PBXBuildFile; fileRef = 792721D92829776F00146D8F /* MenuView.swift */; };
		792721DD282992F200146D8F /* Home.swift in Sources */ = {isa = PBXBuildFile; fileRef = 792721DC282992F200146D8F /* Home.swift */; };
		792721DE282992F200146D8F /* Home.swift in Sources */ = {isa = PBXBuildFile; fileRef = 792721DC282992F200146D8F /* Home.swift */; };
		792721E02829B1A200146D8F /* HomeView.swift in Sources */ = {isa = PBXBuildFile; fileRef = 792721DF2829B1A200146D8F /* HomeView.swift */; };
		792721E12829B1A200146D8F /* HomeView.swift in Sources */ = {isa = PBXBuildFile; fileRef = 792721DF2829B1A200146D8F /* HomeView.swift */; };
		79487F19282AEE8100D4A665 /* UpdateList.swift in Sources */ = {isa = PBXBuildFile; fileRef = 79487F18282AEE8100D4A665 /* UpdateList.swift */; };
		79487F1A282AEE8100D4A665 /* UpdateList.swift in Sources */ = {isa = PBXBuildFile; fileRef = 79487F18282AEE8100D4A665 /* UpdateList.swift */; };
/* End PBXBuildFile section */

/* Begin PBXFileReference section */
		792721BB2822F7C200146D8F /* DesignCodeChallengeOneApp.swift */ = {isa = PBXFileReference; lastKnownFileType = sourcecode.swift; path = DesignCodeChallengeOneApp.swift; sourceTree = "<group>"; };
		792721BC2822F7C200146D8F /* ContentView.swift */ = {isa = PBXFileReference; lastKnownFileType = sourcecode.swift; path = ContentView.swift; sourceTree = "<group>"; };
		792721BD2822F7C400146D8F /* Assets.xcassets */ = {isa = PBXFileReference; lastKnownFileType = folder.assetcatalog; path = Assets.xcassets; sourceTree = "<group>"; };
		792721C22822F7C400146D8F /* DesignCodeChallengeOne.app */ = {isa = PBXFileReference; explicitFileType = wrapper.application; includeInIndex = 0; path = DesignCodeChallengeOne.app; sourceTree = BUILT_PRODUCTS_DIR; };
		792721C82822F7C400146D8F /* DesignCodeChallengeOne.app */ = {isa = PBXFileReference; explicitFileType = wrapper.application; includeInIndex = 0; path = DesignCodeChallengeOne.app; sourceTree = BUILT_PRODUCTS_DIR; };
		792721CA2822F7C400146D8F /* macOS.entitlements */ = {isa = PBXFileReference; lastKnownFileType = text.plist.entitlements; path = macOS.entitlements; sourceTree = "<group>"; };
		792721D92829776F00146D8F /* MenuView.swift */ = {isa = PBXFileReference; lastKnownFileType = sourcecode.swift; path = MenuView.swift; sourceTree = "<group>"; };
		792721DC282992F200146D8F /* Home.swift */ = {isa = PBXFileReference; lastKnownFileType = sourcecode.swift; path = Home.swift; sourceTree = "<group>"; };
		792721DF2829B1A200146D8F /* HomeView.swift */ = {isa = PBXFileReference; lastKnownFileType = sourcecode.swift; path = HomeView.swift; sourceTree = "<group>"; };
		79487F18282AEE8100D4A665 /* UpdateList.swift */ = {isa = PBXFileReference; lastKnownFileType = sourcecode.swift; path = UpdateList.swift; sourceTree = "<group>"; };
/* End PBXFileReference section */

/* Begin PBXFrameworksBuildPhase section */
		792721BF2822F7C400146D8F /* Frameworks */ = {
			isa = PBXFrameworksBuildPhase;
			buildActionMask = 2147483647;
			files = (
			);
			runOnlyForDeploymentPostprocessing = 0;
		};
		792721C52822F7C400146D8F /* Frameworks */ = {
			isa = PBXFrameworksBuildPhase;
			buildActionMask = 2147483647;
			files = (
			);
			runOnlyForDeploymentPostprocessing = 0;
		};
/* End PBXFrameworksBuildPhase section */

/* Begin PBXGroup section */
		792721B52822F7C200146D8F = {
			isa = PBXGroup;
			children = (
				792721BA2822F7C200146D8F /* Shared */,
				792721C92822F7C400146D8F /* macOS */,
				792721C32822F7C400146D8F /* Products */,
			);
			sourceTree = "<group>";
		};
		792721BA2822F7C200146D8F /* Shared */ = {
			isa = PBXGroup;
			children = (
				792721BB2822F7C200146D8F /* DesignCodeChallengeOneApp.swift */,
				792721BC2822F7C200146D8F /* ContentView.swift */,
				792721D92829776F00146D8F /* MenuView.swift */,
				792721DC282992F200146D8F /* Home.swift */,
				792721DF2829B1A200146D8F /* HomeView.swift */,
				79487F18282AEE8100D4A665 /* UpdateList.swift */,
				792721BD2822F7C400146D8F /* Assets.xcassets */,
			);
			path = Shared;
			sourceTree = "<group>";
		};
		792721C32822F7C400146D8F /* Products */ = {
			isa = PBXGroup;
			children = (
				792721C22822F7C400146D8F /* DesignCodeChallengeOne.app */,
				792721C82822F7C400146D8F /* DesignCodeChallengeOne.app */,
			);
			name = Products;
			sourceTree = "<group>";
		};
		792721C92822F7C400146D8F /* macOS */ = {
			isa = PBXGroup;
			children = (
				792721CA2822F7C400146D8F /* macOS.entitlements */,
			);
			path = macOS;
			sourceTree = "<group>";
		};
/* End PBXGroup section */

/* Begin PBXNativeTarget section */
		792721C12822F7C400146D8F /* DesignCodeChallengeOne (iOS) */ = {
			isa = PBXNativeTarget;
			buildConfigurationList = 792721D32822F7C400146D8F /* Build configuration list for PBXNativeTarget "DesignCodeChallengeOne (iOS)" */;
			buildPhases = (
				792721BE2822F7C400146D8F /* Sources */,
				792721BF2822F7C400146D8F /* Frameworks */,
				792721C02822F7C400146D8F /* Resources */,
			);
			buildRules = (
			);
			dependencies = (
			);
			name = "DesignCodeChallengeOne (iOS)";
			productName = "DesignCodeChallengeOne (iOS)";
			productReference = 792721C22822F7C400146D8F /* DesignCodeChallengeOne.app */;
			productType = "com.apple.product-type.application";
		};
		792721C72822F7C400146D8F /* DesignCodeChallengeOne (macOS) */ = {
			isa = PBXNativeTarget;
			buildConfigurationList = 792721D62822F7C400146D8F /* Build configuration list for PBXNativeTarget "DesignCodeChallengeOne (macOS)" */;
			buildPhases = (
				792721C42822F7C400146D8F /* Sources */,
				792721C52822F7C400146D8F /* Frameworks */,
				792721C62822F7C400146D8F /* Resources */,
			);
			buildRules = (
			);
			dependencies = (
			);
			name = "DesignCodeChallengeOne (macOS)";
			productName = "DesignCodeChallengeOne (macOS)";
			productReference = 792721C82822F7C400146D8F /* DesignCodeChallengeOne.app */;
			productType = "com.apple.product-type.application";
		};
/* End PBXNativeTarget section */

/* Begin PBXProject section */
		792721B62822F7C200146D8F /* Project object */ = {
			isa = PBXProject;
			attributes = {
				BuildIndependentTargetsInParallel = 1;
				LastSwiftUpdateCheck = 1330;
				LastUpgradeCheck = 1330;
				TargetAttributes = {
					792721C12822F7C400146D8F = {
						CreatedOnToolsVersion = 13.3.1;
					};
					792721C72822F7C400146D8F = {
						CreatedOnToolsVersion = 13.3.1;
					};
				};
			};
			buildConfigurationList = 792721B92822F7C200146D8F /* Build configuration list for PBXProject "DesignCodeChallengeOne" */;
			compatibilityVersion = "Xcode 13.0";
			developmentRegion = en;
			hasScannedForEncodings = 0;
			knownRegions = (
				en,
				Base,
			);
			mainGroup = 792721B52822F7C200146D8F;
			productRefGroup = 792721C32822F7C400146D8F /* Products */;
			projectDirPath = "";
			projectRoot = "";
			targets = (
				792721C12822F7C400146D8F /* DesignCodeChallengeOne (iOS) */,
				792721C72822F7C400146D8F /* DesignCodeChallengeOne (macOS) */,
			);
		};
/* End PBXProject section */

/* Begin PBXResourcesBuildPhase section */
		792721C02822F7C400146D8F /* Resources */ = {
			isa = PBXResourcesBuildPhase;
			buildActionMask = 2147483647;
			files = (
				792721CF2822F7C400146D8F /* Assets.xcassets in Resources */,
			);
			runOnlyForDeploymentPostprocessing = 0;
		};
		792721C62822F7C400146D8F /* Resources */ = {
			isa = PBXResourcesBuildPhase;
			buildActionMask = 2147483647;
			files = (
				792721D02822F7C400146D8F /* Assets.xcassets in Resources */,
			);
			runOnlyForDeploymentPostprocessing = 0;
		};
/* End PBXResourcesBuildPhase section */

/* Begin PBXSourcesBuildPhase section */
		792721BE2822F7C400146D8F /* Sources */ = {
			isa = PBXSourcesBuildPhase;
			buildActionMask = 2147483647;
			files = (
				792721CD2822F7C400146D8F /* ContentView.swift in Sources */,
				792721DA2829776F00146D8F /* MenuView.swift in Sources */,
				79487F19282AEE8100D4A665 /* UpdateList.swift in Sources */,
				792721DD282992F200146D8F /* Home.swift in Sources */,
				792721E02829B1A200146D8F /* HomeView.swift in Sources */,
				792721CB2822F7C400146D8F /* DesignCodeChallengeOneApp.swift in Sources */,
			);
			runOnlyForDeploymentPostprocessing = 0;
		};
		792721C42822F7C400146D8F /* Sources */ = {
			isa = PBXSourcesBuildPhase;
			buildActionMask = 2147483647;
			files = (
				792721CE2822F7C400146D8F /* ContentView.swift in Sources */,
				792721DB2829776F00146D8F /* MenuView.swift in Sources */,
				79487F1A282AEE8100D4A665 /* UpdateList.swift in Sources */,
				792721DE282992F200146D8F /* Home.swift in Sources */,
				792721E12829B1A200146D8F /* HomeView.swift in Sources */,
				792721CC2822F7C400146D8F /* DesignCodeChallengeOneApp.swift in Sources */,
			);
			runOnlyForDeploymentPostprocessing = 0;
		};
/* End PBXSourcesBuildPhase section */

/* Begin XCBuildConfiguration section */
		792721D12822F7C400146D8F /* Debug */ = {
			isa = XCBuildConfiguration;
			buildSettings = {
				ALWAYS_SEARCH_USER_PATHS = NO;
				CLANG_ANALYZER_NONNULL = YES;
				CLANG_ANALYZER_NUMBER_OBJECT_CONVERSION = YES_AGGRESSIVE;
				CLANG_CXX_LANGUAGE_STANDARD = "gnu++17";
				CLANG_ENABLE_MODULES = YES;
				CLANG_ENABLE_OBJC_ARC = YES;
				CLANG_ENABLE_OBJC_WEAK = YES;
				CLANG_WARN_BLOCK_CAPTURE_AUTORELEASING = YES;
				CLANG_WARN_BOOL_CONVERSION = YES;
				CLANG_WARN_COMMA = YES;
				CLANG_WARN_CONSTANT_CONVERSION = YES;
				CLANG_WARN_DEPRECATED_OBJC_IMPLEMENTATIONS = YES;
				CLANG_WARN_DIRECT_OBJC_ISA_USAGE = YES_ERROR;
				CLANG_WARN_DOCUMENTATION_COMMENTS = YES;
				CLANG_WARN_EMPTY_BODY = YES;
				CLANG_WARN_ENUM_CONVERSION = YES;
				CLANG_WARN_INFINITE_RECURSION = YES;
				CLANG_WARN_INT_CONVERSION = YES;
				CLANG_WARN_NON_LITERAL_NULL_CONVERSION = YES;
				CLANG_WARN_OBJC_IMPLICIT_RETAIN_SELF = YES;
				CLANG_WARN_OBJC_LITERAL_CONVERSION = YES;
				CLANG_WARN_OBJC_ROOT_CLASS = YES_ERROR;
				CLANG_WARN_QUOTED_INCLUDE_IN_FRAMEWORK_HEADER = YES;
				CLANG_WARN_RANGE_LOOP_ANALYSIS = YES;
				CLANG_WARN_STRICT_PROTOTYPES = YES;
				CLANG_WARN_SUSPICIOUS_MOVE = YES;
				CLANG_WARN_UNGUARDED_AVAILABILITY = YES_AGGRESSIVE;
				CLANG_WARN_UNREACHABLE_CODE = YES;
				CLANG_WARN__DUPLICATE_METHOD_MATCH = YES;
				COPY_PHASE_STRIP = NO;
				DEBUG_INFORMATION_FORMAT = dwarf;
				ENABLE_STRICT_OBJC_MSGSEND = YES;
				ENABLE_TESTABILITY = YES;
				GCC_C_LANGUAGE_STANDARD = gnu11;
				GCC_DYNAMIC_NO_PIC = NO;
				GCC_NO_COMMON_BLOCKS = YES;
				GCC_OPTIMIZATION_LEVEL = 0;
				GCC_PREPROCESSOR_DEFINITIONS = (
					"DEBUG=1",
					"$(inherited)",
				);
				GCC_WARN_64_TO_32_BIT_CONVERSION = YES;
				GCC_WARN_ABOUT_RETURN_TYPE = YES_ERROR;
				GCC_WARN_UNDECLARED_SELECTOR = YES;
				GCC_WARN_UNINITIALIZED_AUTOS = YES_AGGRESSIVE;
				GCC_WARN_UNUSED_FUNCTION = YES;
				GCC_WARN_UNUSED_VARIABLE = YES;
				MTL_ENABLE_DEBUG_INFO = INCLUDE_SOURCE;
				MTL_FAST_MATH = YES;
				ONLY_ACTIVE_ARCH = YES;
				SWIFT_ACTIVE_COMPILATION_CONDITIONS = DEBUG;
				SWIFT_OPTIMIZATION_LEVEL = "-Onone";
			};
			name = Debug;
		};
		792721D22822F7C400146D8F /* Release */ = {
			isa = XCBuildConfiguration;
			buildSettings = {
				ALWAYS_SEARCH_USER_PATHS = NO;
				CLANG_ANALYZER_NONNULL = YES;
				CLANG_ANALYZER_NUMBER_OBJECT_CONVERSION = YES_AGGRESSIVE;
				CLANG_CXX_LANGUAGE_STANDARD = "gnu++17";
				CLANG_ENABLE_MODULES = YES;
				CLANG_ENABLE_OBJC_ARC = YES;
				CLANG_ENABLE_OBJC_WEAK = YES;
				CLANG_WARN_BLOCK_CAPTURE_AUTORELEASING = YES;
				CLANG_WARN_BOOL_CONVERSION = YES;
				CLANG_WARN_COMMA = YES;
				CLANG_WARN_CONSTANT_CONVERSION = YES;
				CLANG_WARN_DEPRECATED_OBJC_IMPLEMENTATIONS = YES;
				CLANG_WARN_DIRECT_OBJC_ISA_USAGE = YES_ERROR;
				CLANG_WARN_DOCUMENTATION_COMMENTS = YES;
				CLANG_WARN_EMPTY_BODY = YES;
				CLANG_WARN_ENUM_CONVERSION = YES;
				CLANG_WARN_INFINITE_RECURSION = YES;
				CLANG_WARN_INT_CONVERSION = YES;
				CLANG_WARN_NON_LITERAL_NULL_CONVERSION = YES;
				CLANG_WARN_OBJC_IMPLICIT_RETAIN_SELF = YES;
				CLANG_WARN_OBJC_LITERAL_CONVERSION = YES;
				CLANG_WARN_OBJC_ROOT_CLASS = YES_ERROR;
				CLANG_WARN_QUOTED_INCLUDE_IN_FRAMEWORK_HEADER = YES;
				CLANG_WARN_RANGE_LOOP_ANALYSIS = YES;
				CLANG_WARN_STRICT_PROTOTYPES = YES;
				CLANG_WARN_SUSPICIOUS_MOVE = YES;
				CLANG_WARN_UNGUARDED_AVAILABILITY = YES_AGGRESSIVE;
				CLANG_WARN_UNREACHABLE_CODE = YES;
				CLANG_WARN__DUPLICATE_METHOD_MATCH = YES;
				COPY_PHASE_STRIP = NO;
				DEBUG_INFORMATION_FORMAT = "dwarf-with-dsym";
				ENABLE_NS_ASSERTIONS = NO;
				ENABLE_STRICT_OBJC_MSGSEND = YES;
				GCC_C_LANGUAGE_STANDARD = gnu11;
				GCC_NO_COMMON_BLOCKS = YES;
				GCC_WARN_64_TO_32_BIT_CONVERSION = YES;
				GCC_WARN_ABOUT_RETURN_TYPE = YES_ERROR;
				GCC_WARN_UNDECLARED_SELECTOR = YES;
				GCC_WARN_UNINITIALIZED_AUTOS = YES_AGGRESSIVE;
				GCC_WARN_UNUSED_FUNCTION = YES;
				GCC_WARN_UNUSED_VARIABLE = YES;
				MTL_ENABLE_DEBUG_INFO = NO;
				MTL_FAST_MATH = YES;
				SWIFT_COMPILATION_MODE = wholemodule;
				SWIFT_OPTIMIZATION_LEVEL = "-O";
			};
			name = Release;
		};
		792721D42822F7C400146D8F /* Debug */ = {
			isa = XCBuildConfiguration;
			buildSettings = {
				ASSETCATALOG_COMPILER_APPICON_NAME = AppIcon;
				ASSETCATALOG_COMPILER_GLOBAL_ACCENT_COLOR_NAME = AccentColor;
				CODE_SIGN_STYLE = Automatic;
				CURRENT_PROJECT_VERSION = 1;
				DEVELOPMENT_TEAM = 242N8T2BQM;
				ENABLE_PREVIEWS = YES;
				GENERATE_INFOPLIST_FILE = YES;
				INFOPLIST_KEY_UIApplicationSceneManifest_Generation = YES;
				INFOPLIST_KEY_UIApplicationSupportsIndirectInputEvents = YES;
				INFOPLIST_KEY_UILaunchScreen_Generation = YES;
				INFOPLIST_KEY_UISupportedInterfaceOrientations_iPad = "UIInterfaceOrientationPortrait UIInterfaceOrientationPortraitUpsideDown UIInterfaceOrientationLandscapeLeft UIInterfaceOrientationLandscapeRight";
				INFOPLIST_KEY_UISupportedInterfaceOrientations_iPhone = "UIInterfaceOrientationPortrait UIInterfaceOrientationLandscapeLeft UIInterfaceOrientationLandscapeRight";
				IPHONEOS_DEPLOYMENT_TARGET = 15.4;
				LD_RUNPATH_SEARCH_PATHS = (
					"$(inherited)",
					"@executable_path/Frameworks",
				);
				MARKETING_VERSION = 1.0;
				PRODUCT_BUNDLE_IDENTIFIER = Dillon.DesignCodeChallengeOne;
				PRODUCT_NAME = DesignCodeChallengeOne;
				SDKROOT = iphoneos;
				SWIFT_EMIT_LOC_STRINGS = YES;
				SWIFT_VERSION = 5.0;
				TARGETED_DEVICE_FAMILY = "1,2";
			};
			name = Debug;
		};
		792721D52822F7C400146D8F /* Release */ = {
			isa = XCBuildConfiguration;
			buildSettings = {
				ASSETCATALOG_COMPILER_APPICON_NAME = AppIcon;
				ASSETCATALOG_COMPILER_GLOBAL_ACCENT_COLOR_NAME = AccentColor;
				CODE_SIGN_STYLE = Automatic;
				CURRENT_PROJECT_VERSION = 1;
				DEVELOPMENT_TEAM = 242N8T2BQM;
				ENABLE_PREVIEWS = YES;
				GENERATE_INFOPLIST_FILE = YES;
				INFOPLIST_KEY_UIApplicationSceneManifest_Generation = YES;
				INFOPLIST_KEY_UIApplicationSupportsIndirectInputEvents = YES;
				INFOPLIST_KEY_UILaunchScreen_Generation = YES;
				INFOPLIST_KEY_UISupportedInterfaceOrientations_iPad = "UIInterfaceOrientationPortrait UIInterfaceOrientationPortraitUpsideDown UIInterfaceOrientationLandscapeLeft UIInterfaceOrientationLandscapeRight";
				INFOPLIST_KEY_UISupportedInterfaceOrientations_iPhone = "UIInterfaceOrientationPortrait UIInterfaceOrientationLandscapeLeft UIInterfaceOrientationLandscapeRight";
				IPHONEOS_DEPLOYMENT_TARGET = 15.4;
				LD_RUNPATH_SEARCH_PATHS = (
					"$(inherited)",
					"@executable_path/Frameworks",
				);
				MARKETING_VERSION = 1.0;
				PRODUCT_BUNDLE_IDENTIFIER = Dillon.DesignCodeChallengeOne;
				PRODUCT_NAME = DesignCodeChallengeOne;
				SDKROOT = iphoneos;
				SWIFT_EMIT_LOC_STRINGS = YES;
				SWIFT_VERSION = 5.0;
				TARGETED_DEVICE_FAMILY = "1,2";
				VALIDATE_PRODUCT = YES;
			};
			name = Release;
		};
		792721D72822F7C400146D8F /* Debug */ = {
			isa = XCBuildConfiguration;
			buildSettings = {
				ASSETCATALOG_COMPILER_APPICON_NAME = AppIcon;
				ASSETCATALOG_COMPILER_GLOBAL_ACCENT_COLOR_NAME = AccentColor;
				CODE_SIGN_ENTITLEMENTS = macOS/macOS.entitlements;
				CODE_SIGN_STYLE = Automatic;
				COMBINE_HIDPI_IMAGES = YES;
				CURRENT_PROJECT_VERSION = 1;
				DEVELOPMENT_TEAM = 242N8T2BQM;
				ENABLE_HARDENED_RUNTIME = YES;
				ENABLE_PREVIEWS = YES;
				GENERATE_INFOPLIST_FILE = YES;
				INFOPLIST_KEY_NSHumanReadableCopyright = "";
				LD_RUNPATH_SEARCH_PATHS = (
					"$(inherited)",
					"@executable_path/../Frameworks",
				);
				MACOSX_DEPLOYMENT_TARGET = 12.3;
				MARKETING_VERSION = 1.0;
				PRODUCT_BUNDLE_IDENTIFIER = Dillon.DesignCodeChallengeOne;
				PRODUCT_NAME = DesignCodeChallengeOne;
				SDKROOT = macosx;
				SWIFT_EMIT_LOC_STRINGS = YES;
				SWIFT_VERSION = 5.0;
			};
			name = Debug;
		};
		792721D82822F7C400146D8F /* Release */ = {
			isa = XCBuildConfiguration;
			buildSettings = {
				ASSETCATALOG_COMPILER_APPICON_NAME = AppIcon;
				ASSETCATALOG_COMPILER_GLOBAL_ACCENT_COLOR_NAME = AccentColor;
				CODE_SIGN_ENTITLEMENTS = macOS/macOS.entitlements;
				CODE_SIGN_STYLE = Automatic;
				COMBINE_HIDPI_IMAGES = YES;
				CURRENT_PROJECT_VERSION = 1;
				DEVELOPMENT_TEAM = 242N8T2BQM;
				ENABLE_HARDENED_RUNTIME = YES;
				ENABLE_PREVIEWS = YES;
				GENERATE_INFOPLIST_FILE = YES;
				INFOPLIST_KEY_NSHumanReadableCopyright = "";
				LD_RUNPATH_SEARCH_PATHS = (
					"$(inherited)",
					"@executable_path/../Frameworks",
				);
				MACOSX_DEPLOYMENT_TARGET = 12.3;
				MARKETING_VERSION = 1.0;
				PRODUCT_BUNDLE_IDENTIFIER = Dillon.DesignCodeChallengeOne;
				PRODUCT_NAME = DesignCodeChallengeOne;
				SDKROOT = macosx;
				SWIFT_EMIT_LOC_STRINGS = YES;
				SWIFT_VERSION = 5.0;
			};
			name = Release;
		};
/* End XCBuildConfiguration section */

/* Begin XCConfigurationList section */
		792721B92822F7C200146D8F /* Build configuration list for PBXProject "DesignCodeChallengeOne" */ = {
			isa = XCConfigurationList;
			buildConfigurations = (
				792721D12822F7C400146D8F /* Debug */,
				792721D22822F7C400146D8F /* Release */,
			);
			defaultConfigurationIsVisible = 0;
			defaultConfigurationName = Release;
		};
		792721D32822F7C400146D8F /* Build configuration list for PBXNativeTarget "DesignCodeChallengeOne (iOS)" */ = {
			isa = XCConfigurationList;
			buildConfigurations = (
				792721D42822F7C400146D8F /* Debug */,
				792721D52822F7C400146D8F /* Release */,
			);
			defaultConfigurationIsVisible = 0;
			defaultConfigurationName = Release;
		};
		792721D62822F7C400146D8F /* Build configuration list for PBXNativeTarget "DesignCodeChallengeOne (macOS)" */ = {
			isa = XCConfigurationList;
			buildConfigurations = (
				792721D72822F7C400146D8F /* Debug */,
				792721D82822F7C400146D8F /* Release */,
			);
			defaultConfigurationIsVisible = 0;
			defaultConfigurationName = Release;
		};
/* End XCConfigurationList section */
	};
	rootObject = 792721B62822F7C200146D8F /* Project object */;
}
